// !$*UTF8*$!
{
	archiveVersion = 1;
	classes = {
	};
	objectVersion = 55;
	objects = {

/* Begin PBXBuildFile section */
		694A5A46286C2CA400A8644D /* AppDelegate.swift in Sources */ = {isa = PBXBuildFile; fileRef = 694A5A45286C2CA400A8644D /* AppDelegate.swift */; };
		694A5A48286C2CA400A8644D /* SceneDelegate.swift in Sources */ = {isa = PBXBuildFile; fileRef = 694A5A47286C2CA400A8644D /* SceneDelegate.swift */; };
		694A5A4F286C2CA500A8644D /* Assets.xcassets in Resources */ = {isa = PBXBuildFile; fileRef = 694A5A4E286C2CA500A8644D /* Assets.xcassets */; };
		694A5A52286C2CA500A8644D /* LaunchScreen.storyboard in Resources */ = {isa = PBXBuildFile; fileRef = 694A5A50286C2CA500A8644D /* LaunchScreen.storyboard */; };
		694A5A5B286C2CED00A8644D /* RxCocoa in Frameworks */ = {isa = PBXBuildFile; productRef = 694A5A5A286C2CED00A8644D /* RxCocoa */; };
		694A5A5D286C2CED00A8644D /* RxSwift in Frameworks */ = {isa = PBXBuildFile; productRef = 694A5A5C286C2CED00A8644D /* RxSwift */; };
		694A5A60286C2D0D00A8644D /* ViewController.swift in Sources */ = {isa = PBXBuildFile; fileRef = 694A5A5E286C2D0D00A8644D /* ViewController.swift */; };
		694A5A61286C2D0D00A8644D /* ViewController.xib in Resources */ = {isa = PBXBuildFile; fileRef = 694A5A5F286C2D0D00A8644D /* ViewController.xib */; };
/* End PBXBuildFile section */

/* Begin PBXFileReference section */
		694A5A42286C2CA400A8644D /* Numbers.app */ = {isa = PBXFileReference; explicitFileType = wrapper.application; includeInIndex = 0; path = Numbers.app; sourceTree = BUILT_PRODUCTS_DIR; };
		694A5A45286C2CA400A8644D /* AppDelegate.swift */ = {isa = PBXFileReference; lastKnownFileType = sourcecode.swift; path = AppDelegate.swift; sourceTree = "<group>"; };
		694A5A47286C2CA400A8644D /* SceneDelegate.swift */ = {isa = PBXFileReference; lastKnownFileType = sourcecode.swift; path = SceneDelegate.swift; sourceTree = "<group>"; };
		694A5A4E286C2CA500A8644D /* Assets.xcassets */ = {isa = PBXFileReference; lastKnownFileType = folder.assetcatalog; path = Assets.xcassets; sourceTree = "<group>"; };
		694A5A51286C2CA500A8644D /* Base */ = {isa = PBXFileReference; lastKnownFileType = file.storyboard; name = Base; path = Base.lproj/LaunchScreen.storyboard; sourceTree = "<group>"; };
		694A5A53286C2CA500A8644D /* Info.plist */ = {isa = PBXFileReference; lastKnownFileType = text.plist.xml; path = Info.plist; sourceTree = "<group>"; };
		694A5A5E286C2D0D00A8644D /* ViewController.swift */ = {isa = PBXFileReference; lastKnownFileType = sourcecode.swift; path = ViewController.swift; sourceTree = "<group>"; };
		694A5A5F286C2D0D00A8644D /* ViewController.xib */ = {isa = PBXFileReference; lastKnownFileType = file.xib; path = ViewController.xib; sourceTree = "<group>"; };
/* End PBXFileReference section */

/* Begin PBXFrameworksBuildPhase section */
		694A5A3F286C2CA400A8644D /* Frameworks */ = {
			isa = PBXFrameworksBuildPhase;
			buildActionMask = 2147483647;
			files = (
				694A5A5D286C2CED00A8644D /* RxSwift in Frameworks */,
				694A5A5B286C2CED00A8644D /* RxCocoa in Frameworks */,
			);
			runOnlyForDeploymentPostprocessing = 0;
		};
/* End PBXFrameworksBuildPhase section */

/* Begin PBXGroup section */
		694A5A39286C2CA400A8644D = {
			isa = PBXGroup;
			children = (
				694A5A44286C2CA400A8644D /* Numbers */,
				694A5A43286C2CA400A8644D /* Products */,
			);
			sourceTree = "<group>";
		};
		694A5A43286C2CA400A8644D /* Products */ = {
			isa = PBXGroup;
			children = (
				694A5A42286C2CA400A8644D /* Numbers.app */,
			);
			name = Products;
			sourceTree = "<group>";
		};
		694A5A44286C2CA400A8644D /* Numbers */ = {
			isa = PBXGroup;
			children = (
				694A5A45286C2CA400A8644D /* AppDelegate.swift */,
				694A5A47286C2CA400A8644D /* SceneDelegate.swift */,
				694A5A4E286C2CA500A8644D /* Assets.xcassets */,
				694A5A50286C2CA500A8644D /* LaunchScreen.storyboard */,
				694A5A5F286C2D0D00A8644D /* ViewController.xib */,
				694A5A5E286C2D0D00A8644D /* ViewController.swift */,
				694A5A53286C2CA500A8644D /* Info.plist */,
			);
			path = Numbers;
			sourceTree = "<group>";
		};
/* End PBXGroup section */

/* Begin PBXNativeTarget section */
		694A5A41286C2CA400A8644D /* Numbers */ = {
			isa = PBXNativeTarget;
			buildConfigurationList = 694A5A56286C2CA500A8644D /* Build configuration list for PBXNativeTarget "Numbers" */;
			buildPhases = (
				694A5A3E286C2CA400A8644D /* Sources */,
				694A5A3F286C2CA400A8644D /* Frameworks */,
				694A5A40286C2CA400A8644D /* Resources */,
			);
			buildRules = (
			);
			dependencies = (
			);
			name = Numbers;
			packageProductDependencies = (
				694A5A5A286C2CED00A8644D /* RxCocoa */,
				694A5A5C286C2CED00A8644D /* RxSwift */,
			);
			productName = Numbers;
			productReference = 694A5A42286C2CA400A8644D /* Numbers.app */;
			productType = "com.apple.product-type.application";
		};
/* End PBXNativeTarget section */

/* Begin PBXProject section */
		694A5A3A286C2CA400A8644D /* Project object */ = {
			isa = PBXProject;
			attributes = {
				BuildIndependentTargetsInParallel = 1;
				LastSwiftUpdateCheck = 1340;
				LastUpgradeCheck = 1340;
				TargetAttributes = {
					694A5A41286C2CA400A8644D = {
						CreatedOnToolsVersion = 13.4.1;
					};
				};
			};
			buildConfigurationList = 694A5A3D286C2CA400A8644D /* Build configuration list for PBXProject "Numbers" */;
			compatibilityVersion = "Xcode 13.0";
			developmentRegion = en;
			hasScannedForEncodings = 0;
			knownRegions = (
				en,
				Base,
			);
			mainGroup = 694A5A39286C2CA400A8644D;
			packageReferences = (
				694A5A59286C2CED00A8644D /* XCRemoteSwiftPackageReference "RxSwift" */,
			);
			productRefGroup = 694A5A43286C2CA400A8644D /* Products */;
			projectDirPath = "";
			projectRoot = "";
			targets = (
				694A5A41286C2CA400A8644D /* Numbers */,
			);
		};
/* End PBXProject section */

/* Begin PBXResourcesBuildPhase section */
		694A5A40286C2CA400A8644D /* Resources */ = {
			isa = PBXResourcesBuildPhase;
			buildActionMask = 2147483647;
			files = (
				694A5A52286C2CA500A8644D /* LaunchScreen.storyboard in Resources */,
				694A5A61286C2D0D00A8644D /* ViewController.xib in Resources */,
				694A5A4F286C2CA500A8644D /* Assets.xcassets in Resources */,
			);
			runOnlyForDeploymentPostprocessing = 0;
		};
/* End PBXResourcesBuildPhase section */

/* Begin PBXSourcesBuildPhase section */
		694A5A3E286C2CA400A8644D /* Sources */ = {
			isa = PBXSourcesBuildPhase;
			buildActionMask = 2147483647;
			files = (
				694A5A60286C2D0D00A8644D /* ViewController.swift in Sources */,
				694A5A46286C2CA400A8644D /* AppDelegate.swift in Sources */,
				694A5A48286C2CA400A8644D /* SceneDelegate.swift in Sources */,
			);
			runOnlyForDeploymentPostprocessing = 0;
		};
/* End PBXSourcesBuildPhase section */

/* Begin PBXVariantGroup section */
		694A5A50286C2CA500A8644D /* LaunchScreen.storyboard */ = {
			isa = PBXVariantGroup;
			children = (
				694A5A51286C2CA500A8644D /* Base */,
			);
			name = LaunchScreen.storyboard;
			sourceTree = "<group>";
		};
/* End PBXVariantGroup section */

/* Begin XCBuildConfiguration section */
		694A5A54286C2CA500A8644D /* Debug */ = {
			isa = XCBuildConfiguration;
			buildSettings = {
				ALWAYS_SEARCH_USER_PATHS = NO;
				CLANG_ANALYZER_NONNULL = YES;
				CLANG_ANALYZER_NUMBER_OBJECT_CONVERSION = YES_AGGRESSIVE;
				CLANG_CXX_LANGUAGE_STANDARD = "gnu++17";
				CLANG_ENABLE_MODULES = YES;
				CLANG_ENABLE_OBJC_ARC = YES;
				CLANG_ENABLE_OBJC_WEAK = YES;
				CLANG_WARN_BLOCK_CAPTURE_AUTORELEASING = YES;
				CLANG_WARN_BOOL_CONVERSION = YES;
				CLANG_WARN_COMMA = YES;
				CLANG_WARN_CONSTANT_CONVERSION = YES;
				CLANG_WARN_DEPRECATED_OBJC_IMPLEMENTATIONS = YES;
				CLANG_WARN_DIRECT_OBJC_ISA_USAGE = YES_ERROR;
				CLANG_WARN_DOCUMENTATION_COMMENTS = YES;
				CLANG_WARN_EMPTY_BODY = YES;
				CLANG_WARN_ENUM_CONVERSION = YES;
				CLANG_WARN_INFINITE_RECURSION = YES;
				CLANG_WARN_INT_CONVERSION = YES;
				CLANG_WARN_NON_LITERAL_NULL_CONVERSION = YES;
				CLANG_WARN_OBJC_IMPLICIT_RETAIN_SELF = YES;
				CLANG_WARN_OBJC_LITERAL_CONVERSION = YES;
				CLANG_WARN_OBJC_ROOT_CLASS = YES_ERROR;
				CLANG_WARN_QUOTED_INCLUDE_IN_FRAMEWORK_HEADER = YES;
				CLANG_WARN_RANGE_LOOP_ANALYSIS = YES;
				CLANG_WARN_STRICT_PROTOTYPES = YES;
				CLANG_WARN_SUSPICIOUS_MOVE = YES;
				CLANG_WARN_UNGUARDED_AVAILABILITY = YES_AGGRESSIVE;
				CLANG_WARN_UNREACHABLE_CODE = YES;
				CLANG_WARN__DUPLICATE_METHOD_MATCH = YES;
				COPY_PHASE_STRIP = NO;
				DEBUG_INFORMATION_FORMAT = dwarf;
				ENABLE_STRICT_OBJC_MSGSEND = YES;
				ENABLE_TESTABILITY = YES;
				GCC_C_LANGUAGE_STANDARD = gnu11;
				GCC_DYNAMIC_NO_PIC = NO;
				GCC_NO_COMMON_BLOCKS = YES;
				GCC_OPTIMIZATION_LEVEL = 0;
				GCC_PREPROCESSOR_DEFINITIONS = (
					"DEBUG=1",
					"$(inherited)",
				);
				GCC_WARN_64_TO_32_BIT_CONVERSION = YES;
				GCC_WARN_ABOUT_RETURN_TYPE = YES_ERROR;
				GCC_WARN_UNDECLARED_SELECTOR = YES;
				GCC_WARN_UNINITIALIZED_AUTOS = YES_AGGRESSIVE;
				GCC_WARN_UNUSED_FUNCTION = YES;
				GCC_WARN_UNUSED_VARIABLE = YES;
				IPHONEOS_DEPLOYMENT_TARGET = 15.5;
				MTL_ENABLE_DEBUG_INFO = INCLUDE_SOURCE;
				MTL_FAST_MATH = YES;
				ONLY_ACTIVE_ARCH = YES;
				SDKROOT = iphoneos;
				SWIFT_ACTIVE_COMPILATION_CONDITIONS = DEBUG;
				SWIFT_OPTIMIZATION_LEVEL = "-Onone";
			};
			name = Debug;
		};
		694A5A55286C2CA500A8644D /* Release */ = {
			isa = XCBuildConfiguration;
			buildSettings = {
				ALWAYS_SEARCH_USER_PATHS = NO;
				CLANG_ANALYZER_NONNULL = YES;
				CLANG_ANALYZER_NUMBER_OBJECT_CONVERSION = YES_AGGRESSIVE;
				CLANG_CXX_LANGUAGE_STANDARD = "gnu++17";
				CLANG_ENABLE_MODULES = YES;
				CLANG_ENABLE_OBJC_ARC = YES;
				CLANG_ENABLE_OBJC_WEAK = YES;
				CLANG_WARN_BLOCK_CAPTURE_AUTORELEASING = YES;
				CLANG_WARN_BOOL_CONVERSION = YES;
				CLANG_WARN_COMMA = YES;
				CLANG_WARN_CONSTANT_CONVERSION = YES;
				CLANG_WARN_DEPRECATED_OBJC_IMPLEMENTATIONS = YES;
				CLANG_WARN_DIRECT_OBJC_ISA_USAGE = YES_ERROR;
				CLANG_WARN_DOCUMENTATION_COMMENTS = YES;
				CLANG_WARN_EMPTY_BODY = YES;
				CLANG_WARN_ENUM_CONVERSION = YES;
				CLANG_WARN_INFINITE_RECURSION = YES;
				CLANG_WARN_INT_CONVERSION = YES;
				CLANG_WARN_NON_LITERAL_NULL_CONVERSION = YES;
				CLANG_WARN_OBJC_IMPLICIT_RETAIN_SELF = YES;
				CLANG_WARN_OBJC_LITERAL_CONVERSION = YES;
				CLANG_WARN_OBJC_ROOT_CLASS = YES_ERROR;
				CLANG_WARN_QUOTED_INCLUDE_IN_FRAMEWORK_HEADER = YES;
				CLANG_WARN_RANGE_LOOP_ANALYSIS = YES;
				CLANG_WARN_STRICT_PROTOTYPES = YES;
				CLANG_WARN_SUSPICIOUS_MOVE = YES;
				CLANG_WARN_UNGUARDED_AVAILABILITY = YES_AGGRESSIVE;
				CLANG_WARN_UNREACHABLE_CODE = YES;
				CLANG_WARN__DUPLICATE_METHOD_MATCH = YES;
				COPY_PHASE_STRIP = NO;
				DEBUG_INFORMATION_FORMAT = "dwarf-with-dsym";
				ENABLE_NS_ASSERTIONS = NO;
				ENABLE_STRICT_OBJC_MSGSEND = YES;
				GCC_C_LANGUAGE_STANDARD = gnu11;
				GCC_NO_COMMON_BLOCKS = YES;
				GCC_WARN_64_TO_32_BIT_CONVERSION = YES;
				GCC_WARN_ABOUT_RETURN_TYPE = YES_ERROR;
				GCC_WARN_UNDECLARED_SELECTOR = YES;
				GCC_WARN_UNINITIALIZED_AUTOS = YES_AGGRESSIVE;
				GCC_WARN_UNUSED_FUNCTION = YES;
				GCC_WARN_UNUSED_VARIABLE = YES;
				IPHONEOS_DEPLOYMENT_TARGET = 15.5;
				MTL_ENABLE_DEBUG_INFO = NO;
				MTL_FAST_MATH = YES;
				SDKROOT = iphoneos;
				SWIFT_COMPILATION_MODE = wholemodule;
				SWIFT_OPTIMIZATION_LEVEL = "-O";
				VALIDATE_PRODUCT = YES;
			};
			name = Release;
		};
		694A5A57286C2CA500A8644D /* Debug */ = {
			isa = XCBuildConfiguration;
			buildSettings = {
				ASSETCATALOG_COMPILER_APPICON_NAME = AppIcon;
				ASSETCATALOG_COMPILER_GLOBAL_ACCENT_COLOR_NAME = AccentColor;
				CODE_SIGN_STYLE = Automatic;
				CURRENT_PROJECT_VERSION = 1;
				DEVELOPMENT_TEAM = 3Y4GK7Y66H;
				GENERATE_INFOPLIST_FILE = YES;
				INFOPLIST_FILE = Numbers/Info.plist;
				INFOPLIST_KEY_UIApplicationSupportsIndirectInputEvents = YES;
				INFOPLIST_KEY_UILaunchStoryboardName = LaunchScreen;
				INFOPLIST_KEY_UISupportedInterfaceOrientations_iPad = "UIInterfaceOrientationPortrait UIInterfaceOrientationPortraitUpsideDown UIInterfaceOrientationLandscapeLeft UIInterfaceOrientationLandscapeRight";
				INFOPLIST_KEY_UISupportedInterfaceOrientations_iPhone = "UIInterfaceOrientationPortrait UIInterfaceOrientationLandscapeLeft UIInterfaceOrientationLandscapeRight";
				LD_RUNPATH_SEARCH_PATHS = (
					"$(inherited)",
					"@executable_path/Frameworks",
				);
				MARKETING_VERSION = 1.0;
				PRODUCT_BUNDLE_IDENTIFIER = com.masatakasumida.Numbers;
				PRODUCT_NAME = "$(TARGET_NAME)";
				SWIFT_EMIT_LOC_STRINGS = YES;
				SWIFT_VERSION = 5.0;
				TARGETED_DEVICE_FAMILY = "1,2";
			};
			name = Debug;
		};
		694A5A58286C2CA500A8644D /* Release */ = {
			isa = XCBuildConfiguration;
			buildSettings = {
				ASSETCATALOG_COMPILER_APPICON_NAME = AppIcon;
				ASSETCATALOG_COMPILER_GLOBAL_ACCENT_COLOR_NAME = AccentColor;
				CODE_SIGN_STYLE = Automatic;
				CURRENT_PROJECT_VERSION = 1;
				DEVELOPMENT_TEAM = 3Y4GK7Y66H;
				GENERATE_INFOPLIST_FILE = YES;
				INFOPLIST_FILE = Numbers/Info.plist;
				INFOPLIST_KEY_UIApplicationSupportsIndirectInputEvents = YES;
				INFOPLIST_KEY_UILaunchStoryboardName = LaunchScreen;
				INFOPLIST_KEY_UISupportedInterfaceOrientations_iPad = "UIInterfaceOrientationPortrait UIInterfaceOrientationPortraitUpsideDown UIInterfaceOrientationLandscapeLeft UIInterfaceOrientationLandscapeRight";
				INFOPLIST_KEY_UISupportedInterfaceOrientations_iPhone = "UIInterfaceOrientationPortrait UIInterfaceOrientationLandscapeLeft UIInterfaceOrientationLandscapeRight";
				LD_RUNPATH_SEARCH_PATHS = (
					"$(inherited)",
					"@executable_path/Frameworks",
				);
				MARKETING_VERSION = 1.0;
				PRODUCT_BUNDLE_IDENTIFIER = com.masatakasumida.Numbers;
				PRODUCT_NAME = "$(TARGET_NAME)";
				SWIFT_EMIT_LOC_STRINGS = YES;
				SWIFT_VERSION = 5.0;
				TARGETED_DEVICE_FAMILY = "1,2";
			};
			name = Release;
		};
/* End XCBuildConfiguration section */

/* Begin XCConfigurationList section */
		694A5A3D286C2CA400A8644D /* Build configuration list for PBXProject "Numbers" */ = {
			isa = XCConfigurationList;
			buildConfigurations = (
				694A5A54286C2CA500A8644D /* Debug */,
				694A5A55286C2CA500A8644D /* Release */,
			);
			defaultConfigurationIsVisible = 0;
			defaultConfigurationName = Release;
		};
		694A5A56286C2CA500A8644D /* Build configuration list for PBXNativeTarget "Numbers" */ = {
			isa = XCConfigurationList;
			buildConfigurations = (
				694A5A57286C2CA500A8644D /* Debug */,
				694A5A58286C2CA500A8644D /* Release */,
			);
			defaultConfigurationIsVisible = 0;
			defaultConfigurationName = Release;
		};
/* End XCConfigurationList section */

/* Begin XCRemoteSwiftPackageReference section */
		694A5A59286C2CED00A8644D /* XCRemoteSwiftPackageReference "RxSwift" */ = {
			isa = XCRemoteSwiftPackageReference;
			repositoryURL = "https://github.com/ReactiveX/RxSwift";
			requirement = {
				branch = main;
				kind = branch;
			};
		};
/* End XCRemoteSwiftPackageReference section */

/* Begin XCSwiftPackageProductDependency section */
		694A5A5A286C2CED00A8644D /* RxCocoa */ = {
			isa = XCSwiftPackageProductDependency;
			package = 694A5A59286C2CED00A8644D /* XCRemoteSwiftPackageReference "RxSwift" */;
			productName = RxCocoa;
		};
		694A5A5C286C2CED00A8644D /* RxSwift */ = {
			isa = XCSwiftPackageProductDependency;
			package = 694A5A59286C2CED00A8644D /* XCRemoteSwiftPackageReference "RxSwift" */;
			productName = RxSwift;
		};
/* End XCSwiftPackageProductDependency section */
	};
	rootObject = 694A5A3A286C2CA400A8644D /* Project object */;
}
